// !$*UTF8*$!
{
	archiveVersion = 1;
	classes = {
	};
	objectVersion = 56;
	objects = {

/* Begin PBXBuildFile section */
		F65D7B5B2ACAE36B008F1EE7 /* ShoppingmallApp.swift in Sources */ = {isa = PBXBuildFile; fileRef = F65D7B5A2ACAE36B008F1EE7 /* ShoppingmallApp.swift */; };
		F65D7B5D2ACAE36B008F1EE7 /* MainTabView.swift in Sources */ = {isa = PBXBuildFile; fileRef = F65D7B5C2ACAE36B008F1EE7 /* MainTabView.swift */; };
		F65D7B5F2ACAE36C008F1EE7 /* Assets.xcassets in Resources */ = {isa = PBXBuildFile; fileRef = F65D7B5E2ACAE36C008F1EE7 /* Assets.xcassets */; };
		F65D7B622ACAE36C008F1EE7 /* Preview Assets.xcassets in Resources */ = {isa = PBXBuildFile; fileRef = F65D7B612ACAE36C008F1EE7 /* Preview Assets.xcassets */; };
		F6BF59FE2ACC746F004C1974 /* HomeView.swift in Sources */ = {isa = PBXBuildFile; fileRef = F6BF59FD2ACC746F004C1974 /* HomeView.swift */; };
		F6BF5A002ACC7484004C1974 /* CatalogView.swift in Sources */ = {isa = PBXBuildFile; fileRef = F6BF59FF2ACC7484004C1974 /* CatalogView.swift */; };
		F6BF5A022ACC748E004C1974 /* BonusView.swift in Sources */ = {isa = PBXBuildFile; fileRef = F6BF5A012ACC748E004C1974 /* BonusView.swift */; };
		F6BF5A042ACC7497004C1974 /* MenuView.swift in Sources */ = {isa = PBXBuildFile; fileRef = F6BF5A032ACC7497004C1974 /* MenuView.swift */; };
		F6BF5A062ACC7F8E004C1974 /* Localizable.xcstrings in Resources */ = {isa = PBXBuildFile; fileRef = F6BF5A052ACC7F8E004C1974 /* Localizable.xcstrings */; };
		F6C2EAC12ACCA35900755DAB /* Graphik-Regular-Trial.otf in Resources */ = {isa = PBXBuildFile; fileRef = F6C2EAC02ACCA34A00755DAB /* Graphik-Regular-Trial.otf */; };
		F6C2EAC82ACCB17C00755DAB /* CatalogItemView.swift in Sources */ = {isa = PBXBuildFile; fileRef = F6C2EAC72ACCB17C00755DAB /* CatalogItemView.swift */; };
		F6C2EACB2ACCD73800755DAB /* InterfaceOrientationManager.swift in Sources */ = {isa = PBXBuildFile; fileRef = F6C2EACA2ACCD73800755DAB /* InterfaceOrientationManager.swift */; };
		F6C2EACD2ACCD7A900755DAB /* EnvironmentKeys.swift in Sources */ = {isa = PBXBuildFile; fileRef = F6C2EACC2ACCD7A900755DAB /* EnvironmentKeys.swift */; };
/* End PBXBuildFile section */

/* Begin PBXFileReference section */
		F65D7B572ACAE36B008F1EE7 /* Shoppingmall.app */ = {isa = PBXFileReference; explicitFileType = wrapper.application; includeInIndex = 0; path = Shoppingmall.app; sourceTree = BUILT_PRODUCTS_DIR; };
		F65D7B5A2ACAE36B008F1EE7 /* ShoppingmallApp.swift */ = {isa = PBXFileReference; lastKnownFileType = sourcecode.swift; path = ShoppingmallApp.swift; sourceTree = "<group>"; };
		F65D7B5C2ACAE36B008F1EE7 /* MainTabView.swift */ = {isa = PBXFileReference; lastKnownFileType = sourcecode.swift; path = MainTabView.swift; sourceTree = "<group>"; };
		F65D7B5E2ACAE36C008F1EE7 /* Assets.xcassets */ = {isa = PBXFileReference; lastKnownFileType = folder.assetcatalog; path = Assets.xcassets; sourceTree = "<group>"; };
		F65D7B612ACAE36C008F1EE7 /* Preview Assets.xcassets */ = {isa = PBXFileReference; lastKnownFileType = folder.assetcatalog; path = "Preview Assets.xcassets"; sourceTree = "<group>"; };
		F6BF59FD2ACC746F004C1974 /* HomeView.swift */ = {isa = PBXFileReference; lastKnownFileType = sourcecode.swift; path = HomeView.swift; sourceTree = "<group>"; };
		F6BF59FF2ACC7484004C1974 /* CatalogView.swift */ = {isa = PBXFileReference; lastKnownFileType = sourcecode.swift; path = CatalogView.swift; sourceTree = "<group>"; };
		F6BF5A012ACC748E004C1974 /* BonusView.swift */ = {isa = PBXFileReference; lastKnownFileType = sourcecode.swift; path = BonusView.swift; sourceTree = "<group>"; };
		F6BF5A032ACC7497004C1974 /* MenuView.swift */ = {isa = PBXFileReference; lastKnownFileType = sourcecode.swift; path = MenuView.swift; sourceTree = "<group>"; };
		F6BF5A052ACC7F8E004C1974 /* Localizable.xcstrings */ = {isa = PBXFileReference; lastKnownFileType = text.json.xcstrings; path = Localizable.xcstrings; sourceTree = "<group>"; };
		F6C2EAC02ACCA34A00755DAB /* Graphik-Regular-Trial.otf */ = {isa = PBXFileReference; lastKnownFileType = file; path = "Graphik-Regular-Trial.otf"; sourceTree = "<group>"; };
		F6C2EAC72ACCB17C00755DAB /* CatalogItemView.swift */ = {isa = PBXFileReference; lastKnownFileType = sourcecode.swift; path = CatalogItemView.swift; sourceTree = "<group>"; };
		F6C2EACA2ACCD73800755DAB /* InterfaceOrientationManager.swift */ = {isa = PBXFileReference; lastKnownFileType = sourcecode.swift; path = InterfaceOrientationManager.swift; sourceTree = "<group>"; };
		F6C2EACC2ACCD7A900755DAB /* EnvironmentKeys.swift */ = {isa = PBXFileReference; lastKnownFileType = sourcecode.swift; path = EnvironmentKeys.swift; sourceTree = "<group>"; };
/* End PBXFileReference section */

/* Begin PBXFrameworksBuildPhase section */
		F65D7B542ACAE36B008F1EE7 /* Frameworks */ = {
			isa = PBXFrameworksBuildPhase;
			buildActionMask = 2147483647;
			files = (
			);
			runOnlyForDeploymentPostprocessing = 0;
		};
/* End PBXFrameworksBuildPhase section */

/* Begin PBXGroup section */
		F65D7B4E2ACAE36B008F1EE7 = {
			isa = PBXGroup;
			children = (
				F65D7B592ACAE36B008F1EE7 /* Shoppingmall */,
				F65D7B582ACAE36B008F1EE7 /* Products */,
			);
			sourceTree = "<group>";
		};
		F65D7B582ACAE36B008F1EE7 /* Products */ = {
			isa = PBXGroup;
			children = (
				F65D7B572ACAE36B008F1EE7 /* Shoppingmall.app */,
			);
			name = Products;
			sourceTree = "<group>";
		};
		F65D7B592ACAE36B008F1EE7 /* Shoppingmall */ = {
			isa = PBXGroup;
			children = (
				F6BF59E82ACC7249004C1974 /* Modules */,
				F65D7B5A2ACAE36B008F1EE7 /* ShoppingmallApp.swift */,
				F65D7B5C2ACAE36B008F1EE7 /* MainTabView.swift */,
				F6C2EAC92ACCD6AE00755DAB /* Support */,
				F6C2EABE2ACC884400755DAB /* Resources */,
				F65D7B602ACAE36C008F1EE7 /* Preview Content */,
			);
			path = Shoppingmall;
			sourceTree = "<group>";
		};
		F65D7B602ACAE36C008F1EE7 /* Preview Content */ = {
			isa = PBXGroup;
			children = (
				F65D7B612ACAE36C008F1EE7 /* Preview Assets.xcassets */,
			);
			path = "Preview Content";
			sourceTree = "<group>";
		};
		F6BF59E82ACC7249004C1974 /* Modules */ = {
			isa = PBXGroup;
			children = (
				F6BF59ED2ACC7371004C1974 /* Onboarding */,
				F6BF59E92ACC731F004C1974 /* Home */,
				F6BF59EA2ACC7332004C1974 /* Catalog */,
				F6BF59EB2ACC735B004C1974 /* Bonus */,
				F6BF59EC2ACC736B004C1974 /* Menu */,
			);
			path = Modules;
			sourceTree = "<group>";
		};
		F6BF59E92ACC731F004C1974 /* Home */ = {
			isa = PBXGroup;
			children = (
				F6BF59EE2ACC73AD004C1974 /* Views */,
				F6BF59F02ACC73BC004C1974 /* ViewModels */,
				F6BF59EF2ACC73B4004C1974 /* Models */,
			);
			path = Home;
			sourceTree = "<group>";
		};
		F6BF59EA2ACC7332004C1974 /* Catalog */ = {
			isa = PBXGroup;
			children = (
				F6BF59F32ACC73D6004C1974 /* Views */,
				F6BF59F22ACC73D1004C1974 /* ViewModels */,
				F6BF59F12ACC73CB004C1974 /* Models */,
			);
			path = Catalog;
			sourceTree = "<group>";
		};
		F6BF59EB2ACC735B004C1974 /* Bonus */ = {
			isa = PBXGroup;
			children = (
				F6BF59F92ACC73FB004C1974 /* Views */,
				F6BF59F82ACC73F6004C1974 /* ViewModels */,
				F6BF59F72ACC73F1004C1974 /* Models */,
			);
			path = Bonus;
			sourceTree = "<group>";
		};
		F6BF59EC2ACC736B004C1974 /* Menu */ = {
			isa = PBXGroup;
			children = (
				F6BF59FC2ACC7407004C1974 /* Views */,
				F6BF59FB2ACC7403004C1974 /* ViewModels */,
				F6BF59FA2ACC73FF004C1974 /* Models */,
			);
			path = Menu;
			sourceTree = "<group>";
		};
		F6BF59ED2ACC7371004C1974 /* Onboarding */ = {
			isa = PBXGroup;
			children = (
				F6BF59F62ACC73E7004C1974 /* Views */,
			);
			path = Onboarding;
			sourceTree = "<group>";
		};
		F6BF59EE2ACC73AD004C1974 /* Views */ = {
			isa = PBXGroup;
			children = (
				F6BF59FD2ACC746F004C1974 /* HomeView.swift */,
			);
			path = Views;
			sourceTree = "<group>";
		};
		F6BF59EF2ACC73B4004C1974 /* Models */ = {
			isa = PBXGroup;
			children = (
			);
			path = Models;
			sourceTree = "<group>";
		};
		F6BF59F02ACC73BC004C1974 /* ViewModels */ = {
			isa = PBXGroup;
			children = (
			);
			path = ViewModels;
			sourceTree = "<group>";
		};
		F6BF59F12ACC73CB004C1974 /* Models */ = {
			isa = PBXGroup;
			children = (
			);
			path = Models;
			sourceTree = "<group>";
		};
		F6BF59F22ACC73D1004C1974 /* ViewModels */ = {
			isa = PBXGroup;
			children = (
			);
			path = ViewModels;
			sourceTree = "<group>";
		};
		F6BF59F32ACC73D6004C1974 /* Views */ = {
			isa = PBXGroup;
			children = (
				F6BF59FF2ACC7484004C1974 /* CatalogView.swift */,
				F6C2EAC72ACCB17C00755DAB /* CatalogItemView.swift */,
			);
			path = Views;
			sourceTree = "<group>";
		};
		F6BF59F62ACC73E7004C1974 /* Views */ = {
			isa = PBXGroup;
			children = (
			);
			path = Views;
			sourceTree = "<group>";
		};
		F6BF59F72ACC73F1004C1974 /* Models */ = {
			isa = PBXGroup;
			children = (
			);
			path = Models;
			sourceTree = "<group>";
		};
		F6BF59F82ACC73F6004C1974 /* ViewModels */ = {
			isa = PBXGroup;
			children = (
			);
			path = ViewModels;
			sourceTree = "<group>";
		};
		F6BF59F92ACC73FB004C1974 /* Views */ = {
			isa = PBXGroup;
			children = (
				F6BF5A012ACC748E004C1974 /* BonusView.swift */,
			);
			path = Views;
			sourceTree = "<group>";
		};
		F6BF59FA2ACC73FF004C1974 /* Models */ = {
			isa = PBXGroup;
			children = (
			);
			path = Models;
			sourceTree = "<group>";
		};
		F6BF59FB2ACC7403004C1974 /* ViewModels */ = {
			isa = PBXGroup;
			children = (
			);
			path = ViewModels;
			sourceTree = "<group>";
		};
		F6BF59FC2ACC7407004C1974 /* Views */ = {
			isa = PBXGroup;
			children = (
				F6BF5A032ACC7497004C1974 /* MenuView.swift */,
			);
			path = Views;
			sourceTree = "<group>";
		};
		F6C2EABE2ACC884400755DAB /* Resources */ = {
			isa = PBXGroup;
			children = (
				F6C2EABF2ACCA2D400755DAB /* Fonts */,
				F6BF5A052ACC7F8E004C1974 /* Localizable.xcstrings */,
				F65D7B5E2ACAE36C008F1EE7 /* Assets.xcassets */,
			);
			path = Resources;
			sourceTree = "<group>";
		};
		F6C2EABF2ACCA2D400755DAB /* Fonts */ = {
			isa = PBXGroup;
			children = (
				F6C2EAC02ACCA34A00755DAB /* Graphik-Regular-Trial.otf */,
			);
			path = Fonts;
			sourceTree = "<group>";
		};
		F6C2EAC92ACCD6AE00755DAB /* Support */ = {
			isa = PBXGroup;
			children = (
				F6C2EACA2ACCD73800755DAB /* InterfaceOrientationManager.swift */,
				F6C2EACC2ACCD7A900755DAB /* EnvironmentKeys.swift */,
			);
			path = Support;
			sourceTree = "<group>";
		};
/* End PBXGroup section */

/* Begin PBXNativeTarget section */
		F65D7B562ACAE36B008F1EE7 /* Shoppingmall */ = {
			isa = PBXNativeTarget;
			buildConfigurationList = F65D7B652ACAE36C008F1EE7 /* Build configuration list for PBXNativeTarget "Shoppingmall" */;
			buildPhases = (
				F65D7B532ACAE36B008F1EE7 /* Sources */,
				F65D7B542ACAE36B008F1EE7 /* Frameworks */,
				F65D7B552ACAE36B008F1EE7 /* Resources */,
			);
			buildRules = (
			);
			dependencies = (
			);
			name = Shoppingmall;
			productName = Shoppingmall;
			productReference = F65D7B572ACAE36B008F1EE7 /* Shoppingmall.app */;
			productType = "com.apple.product-type.application";
		};
/* End PBXNativeTarget section */

/* Begin PBXProject section */
		F65D7B4F2ACAE36B008F1EE7 /* Project object */ = {
			isa = PBXProject;
			attributes = {
				BuildIndependentTargetsInParallel = 1;
				LastSwiftUpdateCheck = 1500;
				LastUpgradeCheck = 1500;
				TargetAttributes = {
					F65D7B562ACAE36B008F1EE7 = {
						CreatedOnToolsVersion = 15.0;
					};
				};
			};
			buildConfigurationList = F65D7B522ACAE36B008F1EE7 /* Build configuration list for PBXProject "Shoppingmall" */;
			compatibilityVersion = "Xcode 14.0";
			developmentRegion = en;
			hasScannedForEncodings = 0;
			knownRegions = (
				en,
				Base,
				ru,
			);
			mainGroup = F65D7B4E2ACAE36B008F1EE7;
			productRefGroup = F65D7B582ACAE36B008F1EE7 /* Products */;
			projectDirPath = "";
			projectRoot = "";
			targets = (
				F65D7B562ACAE36B008F1EE7 /* Shoppingmall */,
			);
		};
/* End PBXProject section */

/* Begin PBXResourcesBuildPhase section */
		F65D7B552ACAE36B008F1EE7 /* Resources */ = {
			isa = PBXResourcesBuildPhase;
			buildActionMask = 2147483647;
			files = (
				F65D7B622ACAE36C008F1EE7 /* Preview Assets.xcassets in Resources */,
				F65D7B5F2ACAE36C008F1EE7 /* Assets.xcassets in Resources */,
				F6C2EAC12ACCA35900755DAB /* Graphik-Regular-Trial.otf in Resources */,
				F6BF5A062ACC7F8E004C1974 /* Localizable.xcstrings in Resources */,
			);
			runOnlyForDeploymentPostprocessing = 0;
		};
/* End PBXResourcesBuildPhase section */

/* Begin PBXSourcesBuildPhase section */
		F65D7B532ACAE36B008F1EE7 /* Sources */ = {
			isa = PBXSourcesBuildPhase;
			buildActionMask = 2147483647;
			files = (
				F6BF59FE2ACC746F004C1974 /* HomeView.swift in Sources */,
				F6C2EAC82ACCB17C00755DAB /* CatalogItemView.swift in Sources */,
				F6BF5A042ACC7497004C1974 /* MenuView.swift in Sources */,
				F6C2EACD2ACCD7A900755DAB /* EnvironmentKeys.swift in Sources */,
				F65D7B5D2ACAE36B008F1EE7 /* MainTabView.swift in Sources */,
				F6C2EACB2ACCD73800755DAB /* InterfaceOrientationManager.swift in Sources */,
				F6BF5A022ACC748E004C1974 /* BonusView.swift in Sources */,
				F6BF5A002ACC7484004C1974 /* CatalogView.swift in Sources */,
				F65D7B5B2ACAE36B008F1EE7 /* ShoppingmallApp.swift in Sources */,
			);
			runOnlyForDeploymentPostprocessing = 0;
		};
/* End PBXSourcesBuildPhase section */

/* Begin XCBuildConfiguration section */
		F65D7B632ACAE36C008F1EE7 /* Debug */ = {
			isa = XCBuildConfiguration;
			buildSettings = {
				ALWAYS_SEARCH_USER_PATHS = NO;
				ASSETCATALOG_COMPILER_GENERATE_SWIFT_ASSET_SYMBOL_EXTENSIONS = YES;
				CLANG_ANALYZER_NONNULL = YES;
				CLANG_ANALYZER_NUMBER_OBJECT_CONVERSION = YES_AGGRESSIVE;
				CLANG_CXX_LANGUAGE_STANDARD = "gnu++20";
				CLANG_ENABLE_MODULES = YES;
				CLANG_ENABLE_OBJC_ARC = YES;
				CLANG_ENABLE_OBJC_WEAK = YES;
				CLANG_WARN_BLOCK_CAPTURE_AUTORELEASING = YES;
				CLANG_WARN_BOOL_CONVERSION = YES;
				CLANG_WARN_COMMA = YES;
				CLANG_WARN_CONSTANT_CONVERSION = YES;
				CLANG_WARN_DEPRECATED_OBJC_IMPLEMENTATIONS = YES;
				CLANG_WARN_DIRECT_OBJC_ISA_USAGE = YES_ERROR;
				CLANG_WARN_DOCUMENTATION_COMMENTS = YES;
				CLANG_WARN_EMPTY_BODY = YES;
				CLANG_WARN_ENUM_CONVERSION = YES;
				CLANG_WARN_INFINITE_RECURSION = YES;
				CLANG_WARN_INT_CONVERSION = YES;
				CLANG_WARN_NON_LITERAL_NULL_CONVERSION = YES;
				CLANG_WARN_OBJC_IMPLICIT_RETAIN_SELF = YES;
				CLANG_WARN_OBJC_LITERAL_CONVERSION = YES;
				CLANG_WARN_OBJC_ROOT_CLASS = YES_ERROR;
				CLANG_WARN_QUOTED_INCLUDE_IN_FRAMEWORK_HEADER = YES;
				CLANG_WARN_RANGE_LOOP_ANALYSIS = YES;
				CLANG_WARN_STRICT_PROTOTYPES = YES;
				CLANG_WARN_SUSPICIOUS_MOVE = YES;
				CLANG_WARN_UNGUARDED_AVAILABILITY = YES_AGGRESSIVE;
				CLANG_WARN_UNREACHABLE_CODE = YES;
				CLANG_WARN__DUPLICATE_METHOD_MATCH = YES;
				COPY_PHASE_STRIP = NO;
				DEBUG_INFORMATION_FORMAT = dwarf;
				ENABLE_STRICT_OBJC_MSGSEND = YES;
				ENABLE_TESTABILITY = YES;
				ENABLE_USER_SCRIPT_SANDBOXING = YES;
				GCC_C_LANGUAGE_STANDARD = gnu17;
				GCC_DYNAMIC_NO_PIC = NO;
				GCC_NO_COMMON_BLOCKS = YES;
				GCC_OPTIMIZATION_LEVEL = 0;
				GCC_PREPROCESSOR_DEFINITIONS = (
					"DEBUG=1",
					"$(inherited)",
				);
				GCC_WARN_64_TO_32_BIT_CONVERSION = YES;
				GCC_WARN_ABOUT_RETURN_TYPE = YES_ERROR;
				GCC_WARN_UNDECLARED_SELECTOR = YES;
				GCC_WARN_UNINITIALIZED_AUTOS = YES_AGGRESSIVE;
				GCC_WARN_UNUSED_FUNCTION = YES;
				GCC_WARN_UNUSED_VARIABLE = YES;
				IPHONEOS_DEPLOYMENT_TARGET = 15.0;
				LOCALIZATION_PREFERS_STRING_CATALOGS = YES;
				MTL_ENABLE_DEBUG_INFO = INCLUDE_SOURCE;
				MTL_FAST_MATH = YES;
				ONLY_ACTIVE_ARCH = YES;
				SDKROOT = iphoneos;
				SWIFT_ACTIVE_COMPILATION_CONDITIONS = "DEBUG $(inherited)";
				SWIFT_OPTIMIZATION_LEVEL = "-Onone";
			};
			name = Debug;
		};
		F65D7B642ACAE36C008F1EE7 /* Release */ = {
			isa = XCBuildConfiguration;
			buildSettings = {
				ALWAYS_SEARCH_USER_PATHS = NO;
				ASSETCATALOG_COMPILER_GENERATE_SWIFT_ASSET_SYMBOL_EXTENSIONS = YES;
				CLANG_ANALYZER_NONNULL = YES;
				CLANG_ANALYZER_NUMBER_OBJECT_CONVERSION = YES_AGGRESSIVE;
				CLANG_CXX_LANGUAGE_STANDARD = "gnu++20";
				CLANG_ENABLE_MODULES = YES;
				CLANG_ENABLE_OBJC_ARC = YES;
				CLANG_ENABLE_OBJC_WEAK = YES;
				CLANG_WARN_BLOCK_CAPTURE_AUTORELEASING = YES;
				CLANG_WARN_BOOL_CONVERSION = YES;
				CLANG_WARN_COMMA = YES;
				CLANG_WARN_CONSTANT_CONVERSION = YES;
				CLANG_WARN_DEPRECATED_OBJC_IMPLEMENTATIONS = YES;
				CLANG_WARN_DIRECT_OBJC_ISA_USAGE = YES_ERROR;
				CLANG_WARN_DOCUMENTATION_COMMENTS = YES;
				CLANG_WARN_EMPTY_BODY = YES;
				CLANG_WARN_ENUM_CONVERSION = YES;
				CLANG_WARN_INFINITE_RECURSION = YES;
				CLANG_WARN_INT_CONVERSION = YES;
				CLANG_WARN_NON_LITERAL_NULL_CONVERSION = YES;
				CLANG_WARN_OBJC_IMPLICIT_RETAIN_SELF = YES;
				CLANG_WARN_OBJC_LITERAL_CONVERSION = YES;
				CLANG_WARN_OBJC_ROOT_CLASS = YES_ERROR;
				CLANG_WARN_QUOTED_INCLUDE_IN_FRAMEWORK_HEADER = YES;
				CLANG_WARN_RANGE_LOOP_ANALYSIS = YES;
				CLANG_WARN_STRICT_PROTOTYPES = YES;
				CLANG_WARN_SUSPICIOUS_MOVE = YES;
				CLANG_WARN_UNGUARDED_AVAILABILITY = YES_AGGRESSIVE;
				CLANG_WARN_UNREACHABLE_CODE = YES;
				CLANG_WARN__DUPLICATE_METHOD_MATCH = YES;
				COPY_PHASE_STRIP = NO;
				DEBUG_INFORMATION_FORMAT = "dwarf-with-dsym";
				ENABLE_NS_ASSERTIONS = NO;
				ENABLE_STRICT_OBJC_MSGSEND = YES;
				ENABLE_USER_SCRIPT_SANDBOXING = YES;
				GCC_C_LANGUAGE_STANDARD = gnu17;
				GCC_NO_COMMON_BLOCKS = YES;
				GCC_WARN_64_TO_32_BIT_CONVERSION = YES;
				GCC_WARN_ABOUT_RETURN_TYPE = YES_ERROR;
				GCC_WARN_UNDECLARED_SELECTOR = YES;
				GCC_WARN_UNINITIALIZED_AUTOS = YES_AGGRESSIVE;
				GCC_WARN_UNUSED_FUNCTION = YES;
				GCC_WARN_UNUSED_VARIABLE = YES;
				IPHONEOS_DEPLOYMENT_TARGET = 15.0;
				LOCALIZATION_PREFERS_STRING_CATALOGS = YES;
				MTL_ENABLE_DEBUG_INFO = NO;
				MTL_FAST_MATH = YES;
				SDKROOT = iphoneos;
				SWIFT_COMPILATION_MODE = wholemodule;
				VALIDATE_PRODUCT = YES;
			};
			name = Release;
		};
		F65D7B662ACAE36C008F1EE7 /* Debug */ = {
			isa = XCBuildConfiguration;
			buildSettings = {
				ASSETCATALOG_COMPILER_APPICON_NAME = AppIcon;
				ASSETCATALOG_COMPILER_GLOBAL_ACCENT_COLOR_NAME = AccentColor;
				CODE_SIGN_STYLE = Automatic;
				CURRENT_PROJECT_VERSION = 1;
				DEVELOPMENT_ASSET_PATHS = "\"Shoppingmall/Preview Content\"";
				DEVELOPMENT_TEAM = 5374B32457;
				ENABLE_PREVIEWS = YES;
				GENERATE_INFOPLIST_FILE = YES;
				INFOPLIST_FILE = Shoppingmall/Info.plist;
				INFOPLIST_KEY_UIApplicationSceneManifest_Generation = YES;
				INFOPLIST_KEY_UIApplicationSupportsIndirectInputEvents = YES;
				INFOPLIST_KEY_UILaunchScreen_Generation = YES;
				INFOPLIST_KEY_UISupportedInterfaceOrientations = "UIInterfaceOrientationLandscapeLeft UIInterfaceOrientationLandscapeRight UIInterfaceOrientationPortrait";
				INFOPLIST_KEY_UISupportedInterfaceOrientations_iPad = "UIInterfaceOrientationLandscapeLeft UIInterfaceOrientationLandscapeRight UIInterfaceOrientationPortrait UIInterfaceOrientationPortraitUpsideDown";
				IPHONEOS_DEPLOYMENT_TARGET = 15.0;
				LD_RUNPATH_SEARCH_PATHS = (
					"$(inherited)",
					"@executable_path/Frameworks",
				);
				MARKETING_VERSION = 1.0;
				PRODUCT_BUNDLE_IDENTIFIER = vdc.Shoppingmall;
				PRODUCT_NAME = "$(TARGET_NAME)";
				SWIFT_EMIT_LOC_STRINGS = YES;
				SWIFT_VERSION = 5.0;
				TARGETED_DEVICE_FAMILY = "1,2";
			};
			name = Debug;
		};
		F65D7B672ACAE36C008F1EE7 /* Release */ = {
			isa = XCBuildConfiguration;
			buildSettings = {
				ASSETCATALOG_COMPILER_APPICON_NAME = AppIcon;
				ASSETCATALOG_COMPILER_GLOBAL_ACCENT_COLOR_NAME = AccentColor;
				CODE_SIGN_STYLE = Automatic;
				CURRENT_PROJECT_VERSION = 1;
				DEVELOPMENT_ASSET_PATHS = "\"Shoppingmall/Preview Content\"";
				DEVELOPMENT_TEAM = 5374B32457;
				ENABLE_PREVIEWS = YES;
				GENERATE_INFOPLIST_FILE = YES;
				INFOPLIST_FILE = Shoppingmall/Info.plist;
				INFOPLIST_KEY_UIApplicationSceneManifest_Generation = YES;
				INFOPLIST_KEY_UIApplicationSupportsIndirectInputEvents = YES;
				INFOPLIST_KEY_UILaunchScreen_Generation = YES;
				INFOPLIST_KEY_UISupportedInterfaceOrientations = "UIInterfaceOrientationLandscapeLeft UIInterfaceOrientationLandscapeRight UIInterfaceOrientationPortrait";
				INFOPLIST_KEY_UISupportedInterfaceOrientations_iPad = "UIInterfaceOrientationLandscapeLeft UIInterfaceOrientationLandscapeRight UIInterfaceOrientationPortrait UIInterfaceOrientationPortraitUpsideDown";
				IPHONEOS_DEPLOYMENT_TARGET = 15.0;
				LD_RUNPATH_SEARCH_PATHS = (
					"$(inherited)",
					"@executable_path/Frameworks",
				);
				MARKETING_VERSION = 1.0;
				PRODUCT_BUNDLE_IDENTIFIER = vdc.Shoppingmall;
				PRODUCT_NAME = "$(TARGET_NAME)";
				SWIFT_EMIT_LOC_STRINGS = YES;
				SWIFT_VERSION = 5.0;
				TARGETED_DEVICE_FAMILY = "1,2";
			};
			name = Release;
		};
/* End XCBuildConfiguration section */

/* Begin XCConfigurationList section */
		F65D7B522ACAE36B008F1EE7 /* Build configuration list for PBXProject "Shoppingmall" */ = {
			isa = XCConfigurationList;
			buildConfigurations = (
				F65D7B632ACAE36C008F1EE7 /* Debug */,
				F65D7B642ACAE36C008F1EE7 /* Release */,
			);
			defaultConfigurationIsVisible = 0;
			defaultConfigurationName = Release;
		};
		F65D7B652ACAE36C008F1EE7 /* Build configuration list for PBXNativeTarget "Shoppingmall" */ = {
			isa = XCConfigurationList;
			buildConfigurations = (
				F65D7B662ACAE36C008F1EE7 /* Debug */,
				F65D7B672ACAE36C008F1EE7 /* Release */,
			);
			defaultConfigurationIsVisible = 0;
			defaultConfigurationName = Release;
		};
/* End XCConfigurationList section */
	};
	rootObject = F65D7B4F2ACAE36B008F1EE7 /* Project object */;
}
